schema: '2.0'
stages:
  clean:
    cmd: python src/clean_data.py
    deps:
    - path: data/m_health_dataset.csv
      hash: md5
      md5: a0ffd0ee1958741131c563c5829d0df2
      size: 24647848
    - path: src/clean_data.py
      hash: md5
      md5: 03d6f88ecbf43682e4ce2c6082ed0c90
      size: 4743
    params:
      params.yaml:
        data:
          X_test: test_data/X_test.npy
          X_train: train_data/X_train.npy
          categorical_columns:
          - Gender
          - Country
          - Occupation
          - self_employed
          - family_history
          - Days_Indoors
          - Growing_Stress
          - Changes_Habits
          - Mental_Health_History
          - Mood_Swings
          - Coping_Struggles
          - Work_Interest
          - Social_Weakness
          - care_options
          clean_data: clean_data/clean_data.csv
          clean_data_dir: data/clean_data
          cols_to_drop:
          - mental_health_interview
          - Timestamp
          features_used:
          - Gender
          - Country
          - Occupation
          - self_employed
          - family_history
          - Days_Indoors
          - Growing_Stress
          - Changes_Habits
          - Mental_Health_History
          - Mood_Swings
          - Coping_Struggles
          - Work_Interest
          - Social_Weakness
          - care_options
          num_features: 14
          pred: prediction/prediction.csv
          pred_column: prediction
          preprocessor: preprocessor.pkl
          raw_data: m_health_dataset.csv
          ref_data: ref_data/ref_data.csv
          ref_data_dir: data/ref_data
          test_data_dir: data/test_data
          test_unscaled: test_data/test_unscaled.csv
          train_data_dir: data/train_data
          train_unscaled: train_data/train_unscaled.csv
          y_column: treatment
          y_test: test_data/y_test.csv
          y_train: train_data/y_train.csv
    outs:
    - path: data/clean_data/clean_data.csv
      hash: md5
      md5: 3d54cbd85fe75da4dc170664b30af0e0
      size: 19872675
  prepare:
    cmd: python src/prepare_data.py
    deps:
    - path: data/clean_data/clean_data.csv
      hash: md5
      md5: 3d54cbd85fe75da4dc170664b30af0e0
      size: 19872675
    - path: src/prepare_data.py
      hash: md5
      md5: 02f7e808b90f24874a129937e4fadc4e
      size: 7473
    params:
      params.yaml:
        base:
          data_dir: data
          models_dir: models
          monitor_dir: results/monitor
          random_seed: 42
          results_dir: results/evaluate
        data:
          X_test: test_data/X_test.npy
          X_train: train_data/X_train.npy
          categorical_columns:
          - Gender
          - Country
          - Occupation
          - self_employed
          - family_history
          - Days_Indoors
          - Growing_Stress
          - Changes_Habits
          - Mental_Health_History
          - Mood_Swings
          - Coping_Struggles
          - Work_Interest
          - Social_Weakness
          - care_options
          clean_data: clean_data/clean_data.csv
          clean_data_dir: data/clean_data
          cols_to_drop:
          - mental_health_interview
          - Timestamp
          features_used:
          - Gender
          - Country
          - Occupation
          - self_employed
          - family_history
          - Days_Indoors
          - Growing_Stress
          - Changes_Habits
          - Mental_Health_History
          - Mood_Swings
          - Coping_Struggles
          - Work_Interest
          - Social_Weakness
          - care_options
          num_features: 14
          pred: prediction/prediction.csv
          pred_column: prediction
          preprocessor: preprocessor.pkl
          raw_data: m_health_dataset.csv
          ref_data: ref_data/ref_data.csv
          ref_data_dir: data/ref_data
          test_data_dir: data/test_data
          test_unscaled: test_data/test_unscaled.csv
          train_data_dir: data/train_data
          train_unscaled: train_data/train_unscaled.csv
          y_column: treatment
          y_test: test_data/y_test.csv
          y_train: train_data/y_train.csv
        data_split:
          test_size: 0.3
    outs:
    - path: data/test_data/X_test.npy
      hash: md5
      md5: 754fd076211e6c8125583d2eb207db3f
      size: 40532592
    - path: data/test_data/test_unscaled.csv
      hash: md5
      md5: d42a71e36e0c1c10d6cd85efc4d7ec02
      size: 5857240
    - path: data/test_data/y_test.csv
      hash: md5
      md5: c0d740e52df67c9410a9d9460e5c0959
      size: 205412
    - path: data/train_data/X_train.npy
      hash: md5
      md5: ea76c8b42043937e7accac8449f7f852
      size: 94574496
    - path: data/train_data/train_unscaled.csv
      hash: md5
      md5: 2862ac343f038842000b57e14ff21969
      size: 13672605
    - path: data/train_data/y_train.csv
      hash: md5
      md5: 62b5d6f11a35608d6ac6a92c2f64eb75
      size: 479273
    - path: models/preprocessor.pkl
      hash: md5
      md5: 8bf5df8c99a4f9e869ab630b8a928e0f
      size: 4185
  train:
    cmd: python src/train_model.py
    deps:
    - path: data/train_data/X_train.npy
      hash: md5
      md5: ea76c8b42043937e7accac8449f7f852
      size: 94574496
    - path: data/train_data/y_train.csv
      hash: md5
      md5: 62b5d6f11a35608d6ac6a92c2f64eb75
      size: 479273
    - path: src/train_model.py
      hash: md5
      md5: d851bd3e56eb952ac3953dc803e0b244
      size: 2080
    params:
      params.yaml:
        base:
          data_dir: data
          models_dir: models
          monitor_dir: results/monitor
          random_seed: 42
          results_dir: results/evaluate
        data:
          X_test: test_data/X_test.npy
          X_train: train_data/X_train.npy
          categorical_columns:
          - Gender
          - Country
          - Occupation
          - self_employed
          - family_history
          - Days_Indoors
          - Growing_Stress
          - Changes_Habits
          - Mental_Health_History
          - Mood_Swings
          - Coping_Struggles
          - Work_Interest
          - Social_Weakness
          - care_options
          clean_data: clean_data/clean_data.csv
          clean_data_dir: data/clean_data
          cols_to_drop:
          - mental_health_interview
          - Timestamp
          features_used:
          - Gender
          - Country
          - Occupation
          - self_employed
          - family_history
          - Days_Indoors
          - Growing_Stress
          - Changes_Habits
          - Mental_Health_History
          - Mood_Swings
          - Coping_Struggles
          - Work_Interest
          - Social_Weakness
          - care_options
          num_features: 14
          pred: prediction/prediction.csv
          pred_column: prediction
          preprocessor: preprocessor.pkl
          raw_data: m_health_dataset.csv
          ref_data: ref_data/ref_data.csv
          ref_data_dir: data/ref_data
          test_data_dir: data/test_data
          test_unscaled: test_data/test_unscaled.csv
          train_data_dir: data/train_data
          train_unscaled: train_data/train_unscaled.csv
          y_column: treatment
          y_test: test_data/y_test.csv
          y_train: train_data/y_train.csv
        train:
          learning_rate": 0.1
          max_depth: 9
          model_pkl: model.pkl
          n_estimators: 9
          model_type: Gradient Boost
    outs:
    - path: models/model.pkl
      hash: md5
      md5: 43243b06c91d759c5eb71f6fc8dc86c8
      size: 208261
  evaluate:
    cmd: python src/evaluate_model.py
    deps:
    - path: data/test_data/X_test.npy
      hash: md5
      md5: 754fd076211e6c8125583d2eb207db3f
      size: 40532592
    - path: data/test_data/y_test.csv
      hash: md5
      md5: c0d740e52df67c9410a9d9460e5c0959
      size: 205412
    - path: models/model.pkl
      hash: md5
      md5: 43243b06c91d759c5eb71f6fc8dc86c8
      size: 208261
    - path: models/preprocessor.pkl
      hash: md5
      md5: 8bf5df8c99a4f9e869ab630b8a928e0f
      size: 4185
    - path: src/evaluate_model.py
      hash: md5
      md5: ed9353e7ddaae70d3d8647f222053518
      size: 11386
    params:
      params.yaml:
        base:
          data_dir: data
          models_dir: models
          monitor_dir: results/monitor
          random_seed: 42
          results_dir: results/evaluate
        data:
          X_test: test_data/X_test.npy
          X_train: train_data/X_train.npy
          categorical_columns:
          - Gender
          - Country
          - Occupation
          - self_employed
          - family_history
          - Days_Indoors
          - Growing_Stress
          - Changes_Habits
          - Mental_Health_History
          - Mood_Swings
          - Coping_Struggles
          - Work_Interest
          - Social_Weakness
          - care_options
          clean_data: clean_data/clean_data.csv
          clean_data_dir: data/clean_data
          cols_to_drop:
          - mental_health_interview
          - Timestamp
          features_used:
          - Gender
          - Country
          - Occupation
          - self_employed
          - family_history
          - Days_Indoors
          - Growing_Stress
          - Changes_Habits
          - Mental_Health_History
          - Mood_Swings
          - Coping_Struggles
          - Work_Interest
          - Social_Weakness
          - care_options
          num_features: 14
          pred: prediction/prediction.csv
          pred_column: prediction
          preprocessor: preprocessor.pkl
          raw_data: m_health_dataset.csv
          ref_data: ref_data/ref_data.csv
          ref_data_dir: data/ref_data
          test_data_dir: data/test_data
          test_unscaled: test_data/test_unscaled.csv
          train_data_dir: data/train_data
          train_unscaled: train_data/train_unscaled.csv
          y_column: treatment
          y_test: test_data/y_test.csv
          y_train: train_data/y_train.csv
        evaluate:
          conf_matrix: yes
          expl_plot: yes
          metrics: metrics.json
          model_performance: model_performance.json
          model_onnx: model.onnx
    outs:
    - path: models/model.onnx
      hash: md5
      md5: ab600a4792f15bb51b3adae064e46458
      size: 111400
    - path: results/evaluate
      hash: md5
      md5: c0fcccbe07cdc864f588800232631631.dir
      size: 78988
      nfiles: 4
  monitor:
    cmd: python src/monitor.py
    deps:
    - path: data/ref_data/ref_data.csv
      hash: md5
      md5: 97f6e75b20fd4dbd8f72a6daa71b9a89
      size: 4197716
    - path: data/train_data/train_unscaled.csv
      hash: md5
      md5: 2862ac343f038842000b57e14ff21969
      size: 13672605
    - path: src/monitor.py
      hash: md5
      md5: 5f50c654c9c6271c4cafa7156d753e72
      size: 4377
    params:
      params.yaml:
        base:
          data_dir: data
          models_dir: models
          monitor_dir: results/monitor
          random_seed: 42
          results_dir: results/evaluate
        data:
          X_test: test_data/X_test.npy
          X_train: train_data/X_train.npy
          categorical_columns:
          - Gender
          - Country
          - Occupation
          - self_employed
          - family_history
          - Days_Indoors
          - Growing_Stress
          - Changes_Habits
          - Mental_Health_History
          - Mood_Swings
          - Coping_Struggles
          - Work_Interest
          - Social_Weakness
          - care_options
          clean_data: clean_data/clean_data.csv
          clean_data_dir: data/clean_data
          cols_to_drop:
          - mental_health_interview
          - Timestamp
          features_used:
          - Gender
          - Country
          - Occupation
          - self_employed
          - family_history
          - Days_Indoors
          - Growing_Stress
          - Changes_Habits
          - Mental_Health_History
          - Mood_Swings
          - Coping_Struggles
          - Work_Interest
          - Social_Weakness
          - care_options
          num_features: 14
          pred: prediction/prediction.csv
          pred_column: prediction
          preprocessor: preprocessor.pkl
          raw_data: m_health_dataset.csv
          ref_data: ref_data/ref_data.csv
          ref_data_dir: data/ref_data
          test_data_dir: data/test_data
          test_unscaled: test_data/test_unscaled.csv
          train_data_dir: data/train_data
          train_unscaled: train_data/train_unscaled.csv
          y_column: treatment
          y_test: test_data/y_test.csv
          y_train: train_data/y_train.csv
        monitor:
          drift_report: drift_report.json
          summary_report: summary_report.json
    outs:
    - path: results/monitor/drift_report.json
      hash: md5
      md5: 348df6b16c03045462689b6163e30292
      size: 15614
    - path: results/monitor/summary_report.json
      hash: md5
      md5: 81640e5831873e3c741d250fbf0e8429
      size: 29556
  deploy:
    cmd: fastapi dev app/api_local.py
    deps:
    - path: app/api_local.py
      hash: md5
      md5: 436059305fcefb14c2083f187937ebc5
      size: 6701
    - path: models/model.onnx
      hash: md5
      md5: ab600a4792f15bb51b3adae064e46458
      size: 111400
    params:
      params.yaml:
        base:
          data_dir: data
          models_dir: models
          monitor_dir: results/monitor
          random_seed: 42
          results_dir: results/evaluate
        data:
          X_test: test_data/X_test.npy
          X_train: train_data/X_train.npy
          categorical_columns:
          - Gender
          - Country
          - Occupation
          - self_employed
          - family_history
          - Days_Indoors
          - Growing_Stress
          - Changes_Habits
          - Mental_Health_History
          - Mood_Swings
          - Coping_Struggles
          - Work_Interest
          - Social_Weakness
          - care_options
          clean_data: clean_data/clean_data.csv
          clean_data_dir: data/clean_data
          cols_to_drop:
          - mental_health_interview
          - Timestamp
          features_used:
          - Gender
          - Country
          - Occupation
          - self_employed
          - family_history
          - Days_Indoors
          - Growing_Stress
          - Changes_Habits
          - Mental_Health_History
          - Mood_Swings
          - Coping_Struggles
          - Work_Interest
          - Social_Weakness
          - care_options
          num_features: 14
          pred: prediction/prediction.csv
          pred_column: prediction
          preprocessor: preprocessor.pkl
          raw_data: m_health_dataset.csv
          ref_data: ref_data/ref_data.csv
          ref_data_dir: data/ref_data
          test_data_dir: data/test_data
          test_unscaled: test_data/test_unscaled.csv
          train_data_dir: data/train_data
          train_unscaled: train_data/train_unscaled.csv
          y_column: treatment
          y_test: test_data/y_test.csv
          y_train: train_data/y_train.csv
        evaluate:
          conf_matrix: yes
          expl_plot: yes
          metrics: metrics.json
          model_performance: model_performance.json
          model_onnx: model.onnx
  deploy-check:
    cmd: python deploy_check.py
    deps:
    - path: deploy_check.py
      hash: md5
      md5: e106c5a7111cb4a83873fe62f2324603
      size: 3496
    - path: results/evaluate/model_performance.json
      hash: md5
      md5: f1a367a87bc66ad7fb1ae41a95509d29
      size: 9288
    - path: results/monitor/drift_report.json
      hash: md5
      md5: 348df6b16c03045462689b6163e30292
      size: 15614
    params:
      params.yaml:
        base:
          data_dir: data
          models_dir: models
          monitor_dir: results/monitor
          random_seed: 42
          results_dir: results/evaluate
        environment:
          env: production
          model_baseline: 0.7
          drift_threshhold: 0.1
          prod_model_path: production
          prod_model: model_prod.onnx
          model_to_copy: model.onnx
        evaluate:
          conf_matrix: yes
          expl_plot: yes
          metrics: metrics.json
          model_performance: model_performance.json
          model_onnx: model.onnx
        monitor:
          drift_report: drift_report.json
          summary_report: summary_report.json
