schema: '2.0'
stages:
  clean:
    cmd: python src/clean_data.py
    deps:
    - path: data/m_health_dataset.csv
      hash: md5
      md5: a0ffd0ee1958741131c563c5829d0df2
      size: 24647848
    - path: src/clean_data.py
      hash: md5
      md5: 0ca4d9b362afe591fd74fc4af2ebff2d
      size: 2104
    params:
      params.yaml:
        data:
          cols_to_drop:
          - mental_health_interview
          - Timestamp
          y_column: treatment
    outs:
    - path: data/clean_data/clean_data.csv
      hash: md5
      md5: 3d54cbd85fe75da4dc170664b30af0e0
      size: 19872675
  prepare:
    cmd: python src/prepare_data.py
    deps:
    - path: data/clean_data/clean_data.csv
      hash: md5
      md5: 3d54cbd85fe75da4dc170664b30af0e0
      size: 19872675
    - path: src/prepare_data.py
      hash: md5
      md5: 98646c2f84e940c28e1aa9c4ba45c65a
      size: 3046
    params:
      params.yaml:
        base:
          random_seed: 42
        data:
          cols_to_drop:
          - mental_health_interview
          - Timestamp
          y_column: treatment
        data_split:
          test_size: 0.3
    outs:
    - path: data/test_data/X_test.npy
      hash: md5
      md5: e6b13c27943d9b720074fb4de12a1f22
      size: 7668432
    - path: data/test_data/y_test.csv
      hash: md5
      md5: c0d740e52df67c9410a9d9460e5c0959
      size: 205412
    - path: data/train_data/X_train.npy
      hash: md5
      md5: 4e8e3be89917df4bffd2e23356912e66
      size: 17892576
    - path: data/train_data/y_train.csv
      hash: md5
      md5: 62b5d6f11a35608d6ac6a92c2f64eb75
      size: 479273
  train:
    cmd: python src/train_model.py
    deps:
    - path: data/train_data/X_train.npy
      hash: md5
      md5: 4e8e3be89917df4bffd2e23356912e66
      size: 17892576
    - path: data/train_data/y_train.csv
      hash: md5
      md5: 62b5d6f11a35608d6ac6a92c2f64eb75
      size: 479273
    - path: src/train_model.py
      hash: md5
      md5: 783451654303995bf801d1b61c271ac9
      size: 2052
    params:
      params.yaml:
        base:
          random_seed: 42
        data:
          cols_to_drop:
          - mental_health_interview
          - Timestamp
          y_column: treatment
        train:
          max_depth: 9
          n_estimators: 9
          learning_rate": 0.1
    outs:
    - path: models/model.pkl
      hash: md5
      md5: dce3675ca608ca290da4129a82d088ed
      size: 379930
  evaluate:
    cmd: python src/evaluate_model.py
    deps:
    - path: data/test_data/X_test.npy
      hash: md5
      md5: e6b13c27943d9b720074fb4de12a1f22
      size: 7668432
    - path: data/train_data/y_train.csv
      hash: md5
      md5: 62b5d6f11a35608d6ac6a92c2f64eb75
      size: 479273
    - path: models/model.pkl
      hash: md5
      md5: dce3675ca608ca290da4129a82d088ed
      size: 379930
    - path: src/evaluate_model.py
      hash: md5
      md5: 8240717894a86c8a5a84bc4d4bf53aaf
      size: 3062
    params:
      params.yaml:
        evaluate:
          conf_matrix: yes
    outs:
    - path: models/model.onnx
      hash: md5
      md5: 94863f0c8d9681a37ffee5508959ced0
      size: 198610
    - path: results/evaluate
      hash: md5
      md5: 54fff44237fb172f7bcedb4cbee79c56.dir
      size: 20281
      nfiles: 2
