schema: '2.0'
stages:
  clean:
    cmd: python src/clean_data.py
    deps:
    - path: data/m_health_dataset.csv
      hash: md5
      md5: a0ffd0ee1958741131c563c5829d0df2
      size: 24647848
    - path: src/clean_data.py
      hash: md5
      md5: 0ca4d9b362afe591fd74fc4af2ebff2d
      size: 2104
    outs:
    - path: data/clean_data/clean_data.csv
      hash: md5
      md5: 3d54cbd85fe75da4dc170664b30af0e0
      size: 19872675
  prepare:
    cmd: python src/prepare_data.py
    deps:
    - path: data/clean_data/clean_data.csv
      hash: md5
      md5: 3d54cbd85fe75da4dc170664b30af0e0
      size: 19872675
    - path: src/prepare_data.py
      hash: md5
      md5: 98646c2f84e940c28e1aa9c4ba45c65a
      size: 3046
    outs:
    - path: data/test_data/X_test.npy
      hash: md5
      md5: fd62476007b87cb7ea65ef96004218df
      size: 7668432
    - path: data/test_data/y_test.csv
      hash: md5
      md5: c0d740e52df67c9410a9d9460e5c0959
      size: 205412
    - path: data/train_data/X_train.npy
      hash: md5
      md5: 8bdea039d7faff3a026b2df9c642cf22
      size: 17892576
    - path: data/train_data/y_train.csv
      hash: md5
      md5: 62b5d6f11a35608d6ac6a92c2f64eb75
      size: 479273
